// !$*UTF8*$!
{
	archiveVersion = 1;
	classes = {
	};
	objectVersion = 50;
	objects = {

/* Begin PBXBuildFile section */
		8AAB56262435997B00D121A0 /* AppDelegate.swift in Sources */ = {isa = PBXBuildFile; fileRef = 8AAB56252435997B00D121A0 /* AppDelegate.swift */; };
		8AAB56282435997B00D121A0 /* SceneDelegate.swift in Sources */ = {isa = PBXBuildFile; fileRef = 8AAB56272435997B00D121A0 /* SceneDelegate.swift */; };
		8AAB562A2435997B00D121A0 /* ViewController.swift in Sources */ = {isa = PBXBuildFile; fileRef = 8AAB56292435997B00D121A0 /* ViewController.swift */; };
		8AAB562D2435997B00D121A0 /* Main.storyboard in Resources */ = {isa = PBXBuildFile; fileRef = 8AAB562B2435997B00D121A0 /* Main.storyboard */; };
		8AAB562F2435998400D121A0 /* Assets.xcassets in Resources */ = {isa = PBXBuildFile; fileRef = 8AAB562E2435998400D121A0 /* Assets.xcassets */; };
		8AAB56322435998400D121A0 /* LaunchScreen.storyboard in Resources */ = {isa = PBXBuildFile; fileRef = 8AAB56302435998400D121A0 /* LaunchScreen.storyboard */; };
		8AAB563D2435998400D121A0 /* POCLanguagesLocalizedTests.swift in Sources */ = {isa = PBXBuildFile; fileRef = 8AAB563C2435998400D121A0 /* POCLanguagesLocalizedTests.swift */; };
		8AAB56482435998400D121A0 /* POCLanguagesLocalizedUITests.swift in Sources */ = {isa = PBXBuildFile; fileRef = 8AAB56472435998400D121A0 /* POCLanguagesLocalizedUITests.swift */; };
		8AAB565724359D3600D121A0 /* Localized.strings in Resources */ = {isa = PBXBuildFile; fileRef = 8AAB565924359D3600D121A0 /* Localized.strings */; };
		8AAB565E24359DCC00D121A0 /* Extension+String.swift in Sources */ = {isa = PBXBuildFile; fileRef = 8AAB565D24359DCC00D121A0 /* Extension+String.swift */; };
		8AAB56612435A59C00D121A0 /* LanguageLocalizer.swift in Sources */ = {isa = PBXBuildFile; fileRef = 8AAB56602435A59C00D121A0 /* LanguageLocalizer.swift */; };
		8AAB56632435A5B800D121A0 /* LanguageManager.swift in Sources */ = {isa = PBXBuildFile; fileRef = 8AAB56622435A5B800D121A0 /* LanguageManager.swift */; };
/* End PBXBuildFile section */

/* Begin PBXContainerItemProxy section */
		8AAB56392435998400D121A0 /* PBXContainerItemProxy */ = {
			isa = PBXContainerItemProxy;
			containerPortal = 8AAB561A2435997A00D121A0 /* Project object */;
			proxyType = 1;
			remoteGlobalIDString = 8AAB56212435997B00D121A0;
			remoteInfo = POCLanguagesLocalized;
		};
		8AAB56442435998400D121A0 /* PBXContainerItemProxy */ = {
			isa = PBXContainerItemProxy;
			containerPortal = 8AAB561A2435997A00D121A0 /* Project object */;
			proxyType = 1;
			remoteGlobalIDString = 8AAB56212435997B00D121A0;
			remoteInfo = POCLanguagesLocalized;
		};
/* End PBXContainerItemProxy section */

/* Begin PBXFileReference section */
		8AAB56222435997B00D121A0 /* POCLanguagesLocalized.app */ = {isa = PBXFileReference; explicitFileType = wrapper.application; includeInIndex = 0; path = POCLanguagesLocalized.app; sourceTree = BUILT_PRODUCTS_DIR; };
		8AAB56252435997B00D121A0 /* AppDelegate.swift */ = {isa = PBXFileReference; lastKnownFileType = sourcecode.swift; path = AppDelegate.swift; sourceTree = "<group>"; };
		8AAB56272435997B00D121A0 /* SceneDelegate.swift */ = {isa = PBXFileReference; lastKnownFileType = sourcecode.swift; path = SceneDelegate.swift; sourceTree = "<group>"; };
		8AAB56292435997B00D121A0 /* ViewController.swift */ = {isa = PBXFileReference; lastKnownFileType = sourcecode.swift; path = ViewController.swift; sourceTree = "<group>"; };
		8AAB562C2435997B00D121A0 /* Base */ = {isa = PBXFileReference; lastKnownFileType = file.storyboard; name = Base; path = Base.lproj/Main.storyboard; sourceTree = "<group>"; };
		8AAB562E2435998400D121A0 /* Assets.xcassets */ = {isa = PBXFileReference; lastKnownFileType = folder.assetcatalog; path = Assets.xcassets; sourceTree = "<group>"; };
		8AAB56312435998400D121A0 /* Base */ = {isa = PBXFileReference; lastKnownFileType = file.storyboard; name = Base; path = Base.lproj/LaunchScreen.storyboard; sourceTree = "<group>"; };
		8AAB56332435998400D121A0 /* Info.plist */ = {isa = PBXFileReference; lastKnownFileType = text.plist.xml; path = Info.plist; sourceTree = "<group>"; };
		8AAB56382435998400D121A0 /* POCLanguagesLocalizedTests.xctest */ = {isa = PBXFileReference; explicitFileType = wrapper.cfbundle; includeInIndex = 0; path = POCLanguagesLocalizedTests.xctest; sourceTree = BUILT_PRODUCTS_DIR; };
		8AAB563C2435998400D121A0 /* POCLanguagesLocalizedTests.swift */ = {isa = PBXFileReference; lastKnownFileType = sourcecode.swift; path = POCLanguagesLocalizedTests.swift; sourceTree = "<group>"; };
		8AAB563E2435998400D121A0 /* Info.plist */ = {isa = PBXFileReference; lastKnownFileType = text.plist.xml; path = Info.plist; sourceTree = "<group>"; };
		8AAB56432435998400D121A0 /* POCLanguagesLocalizedUITests.xctest */ = {isa = PBXFileReference; explicitFileType = wrapper.cfbundle; includeInIndex = 0; path = POCLanguagesLocalizedUITests.xctest; sourceTree = BUILT_PRODUCTS_DIR; };
		8AAB56472435998400D121A0 /* POCLanguagesLocalizedUITests.swift */ = {isa = PBXFileReference; lastKnownFileType = sourcecode.swift; path = POCLanguagesLocalizedUITests.swift; sourceTree = "<group>"; };
		8AAB56492435998400D121A0 /* Info.plist */ = {isa = PBXFileReference; lastKnownFileType = text.plist.xml; path = Info.plist; sourceTree = "<group>"; };
		8AAB565824359D3600D121A0 /* en */ = {isa = PBXFileReference; lastKnownFileType = text.plist.strings; name = en; path = en.lproj/Localized.strings; sourceTree = "<group>"; };
		8AAB565A24359D7100D121A0 /* th */ = {isa = PBXFileReference; lastKnownFileType = text.plist.strings; name = th; path = th.lproj/Main.strings; sourceTree = "<group>"; };
		8AAB565B24359D7100D121A0 /* th */ = {isa = PBXFileReference; lastKnownFileType = text.plist.strings; name = th; path = th.lproj/LaunchScreen.strings; sourceTree = "<group>"; };
		8AAB565C24359D7100D121A0 /* th */ = {isa = PBXFileReference; lastKnownFileType = text.plist.strings; name = th; path = th.lproj/Localized.strings; sourceTree = "<group>"; };
		8AAB565D24359DCC00D121A0 /* Extension+String.swift */ = {isa = PBXFileReference; lastKnownFileType = sourcecode.swift; path = "Extension+String.swift"; sourceTree = "<group>"; };
		8AAB56602435A59C00D121A0 /* LanguageLocalizer.swift */ = {isa = PBXFileReference; lastKnownFileType = sourcecode.swift; path = LanguageLocalizer.swift; sourceTree = "<group>"; };
		8AAB56622435A5B800D121A0 /* LanguageManager.swift */ = {isa = PBXFileReference; lastKnownFileType = sourcecode.swift; path = LanguageManager.swift; sourceTree = "<group>"; };
/* End PBXFileReference section */

/* Begin PBXFrameworksBuildPhase section */
		8AAB561F2435997B00D121A0 /* Frameworks */ = {
			isa = PBXFrameworksBuildPhase;
			buildActionMask = 2147483647;
			files = (
			);
			runOnlyForDeploymentPostprocessing = 0;
		};
		8AAB56352435998400D121A0 /* Frameworks */ = {
			isa = PBXFrameworksBuildPhase;
			buildActionMask = 2147483647;
			files = (
			);
			runOnlyForDeploymentPostprocessing = 0;
		};
		8AAB56402435998400D121A0 /* Frameworks */ = {
			isa = PBXFrameworksBuildPhase;
			buildActionMask = 2147483647;
			files = (
			);
			runOnlyForDeploymentPostprocessing = 0;
		};
/* End PBXFrameworksBuildPhase section */

/* Begin PBXGroup section */
		8AAB56192435997A00D121A0 = {
			isa = PBXGroup;
			children = (
				8AAB56242435997B00D121A0 /* POCLanguagesLocalized */,
				8AAB563B2435998400D121A0 /* POCLanguagesLocalizedTests */,
				8AAB56462435998400D121A0 /* POCLanguagesLocalizedUITests */,
				8AAB56232435997B00D121A0 /* Products */,
			);
			sourceTree = "<group>";
		};
		8AAB56232435997B00D121A0 /* Products */ = {
			isa = PBXGroup;
			children = (
				8AAB56222435997B00D121A0 /* POCLanguagesLocalized.app */,
				8AAB56382435998400D121A0 /* POCLanguagesLocalizedTests.xctest */,
				8AAB56432435998400D121A0 /* POCLanguagesLocalizedUITests.xctest */,
			);
			name = Products;
			sourceTree = "<group>";
		};
		8AAB56242435997B00D121A0 /* POCLanguagesLocalized */ = {
			isa = PBXGroup;
			children = (
				8AAB565F2435A55400D121A0 /* LanguagesManager */,
				8AAB56252435997B00D121A0 /* AppDelegate.swift */,
				8AAB56272435997B00D121A0 /* SceneDelegate.swift */,
				8AAB56292435997B00D121A0 /* ViewController.swift */,
				8AAB562B2435997B00D121A0 /* Main.storyboard */,
				8AAB562E2435998400D121A0 /* Assets.xcassets */,
				8AAB56302435998400D121A0 /* LaunchScreen.storyboard */,
				8AAB56332435998400D121A0 /* Info.plist */,
				8AAB565924359D3600D121A0 /* Localized.strings */,
				8AAB565D24359DCC00D121A0 /* Extension+String.swift */,
			);
			path = POCLanguagesLocalized;
			sourceTree = "<group>";
		};
		8AAB563B2435998400D121A0 /* POCLanguagesLocalizedTests */ = {
			isa = PBXGroup;
			children = (
				8AAB563C2435998400D121A0 /* POCLanguagesLocalizedTests.swift */,
				8AAB563E2435998400D121A0 /* Info.plist */,
			);
			path = POCLanguagesLocalizedTests;
			sourceTree = "<group>";
		};
		8AAB56462435998400D121A0 /* POCLanguagesLocalizedUITests */ = {
			isa = PBXGroup;
			children = (
				8AAB56472435998400D121A0 /* POCLanguagesLocalizedUITests.swift */,
				8AAB56492435998400D121A0 /* Info.plist */,
			);
			path = POCLanguagesLocalizedUITests;
			sourceTree = "<group>";
		};
		8AAB565F2435A55400D121A0 /* LanguagesManager */ = {
			isa = PBXGroup;
			children = (
				8AAB56602435A59C00D121A0 /* LanguageLocalizer.swift */,
				8AAB56622435A5B800D121A0 /* LanguageManager.swift */,
			);
			path = LanguagesManager;
			sourceTree = "<group>";
		};
/* End PBXGroup section */

/* Begin PBXNativeTarget section */
		8AAB56212435997B00D121A0 /* POCLanguagesLocalized */ = {
			isa = PBXNativeTarget;
			buildConfigurationList = 8AAB564C2435998400D121A0 /* Build configuration list for PBXNativeTarget "POCLanguagesLocalized" */;
			buildPhases = (
				8AAB561E2435997B00D121A0 /* Sources */,
				8AAB561F2435997B00D121A0 /* Frameworks */,
				8AAB56202435997B00D121A0 /* Resources */,
			);
			buildRules = (
			);
			dependencies = (
			);
			name = POCLanguagesLocalized;
			productName = POCLanguagesLocalized;
			productReference = 8AAB56222435997B00D121A0 /* POCLanguagesLocalized.app */;
			productType = "com.apple.product-type.application";
		};
		8AAB56372435998400D121A0 /* POCLanguagesLocalizedTests */ = {
			isa = PBXNativeTarget;
			buildConfigurationList = 8AAB564F2435998400D121A0 /* Build configuration list for PBXNativeTarget "POCLanguagesLocalizedTests" */;
			buildPhases = (
				8AAB56342435998400D121A0 /* Sources */,
				8AAB56352435998400D121A0 /* Frameworks */,
				8AAB56362435998400D121A0 /* Resources */,
			);
			buildRules = (
			);
			dependencies = (
				8AAB563A2435998400D121A0 /* PBXTargetDependency */,
			);
			name = POCLanguagesLocalizedTests;
			productName = POCLanguagesLocalizedTests;
			productReference = 8AAB56382435998400D121A0 /* POCLanguagesLocalizedTests.xctest */;
			productType = "com.apple.product-type.bundle.unit-test";
		};
		8AAB56422435998400D121A0 /* POCLanguagesLocalizedUITests */ = {
			isa = PBXNativeTarget;
			buildConfigurationList = 8AAB56522435998400D121A0 /* Build configuration list for PBXNativeTarget "POCLanguagesLocalizedUITests" */;
			buildPhases = (
				8AAB563F2435998400D121A0 /* Sources */,
				8AAB56402435998400D121A0 /* Frameworks */,
				8AAB56412435998400D121A0 /* Resources */,
			);
			buildRules = (
			);
			dependencies = (
				8AAB56452435998400D121A0 /* PBXTargetDependency */,
			);
			name = POCLanguagesLocalizedUITests;
			productName = POCLanguagesLocalizedUITests;
			productReference = 8AAB56432435998400D121A0 /* POCLanguagesLocalizedUITests.xctest */;
			productType = "com.apple.product-type.bundle.ui-testing";
		};
/* End PBXNativeTarget section */

/* Begin PBXProject section */
		8AAB561A2435997A00D121A0 /* Project object */ = {
			isa = PBXProject;
			attributes = {
				LastSwiftUpdateCheck = 1130;
				LastUpgradeCheck = 1130;
				ORGANIZATIONNAME = "Nawin Phunsawat";
				TargetAttributes = {
					8AAB56212435997B00D121A0 = {
						CreatedOnToolsVersion = 11.3.1;
					};
					8AAB56372435998400D121A0 = {
						CreatedOnToolsVersion = 11.3.1;
						TestTargetID = 8AAB56212435997B00D121A0;
					};
					8AAB56422435998400D121A0 = {
						CreatedOnToolsVersion = 11.3.1;
						TestTargetID = 8AAB56212435997B00D121A0;
					};
				};
			};
			buildConfigurationList = 8AAB561D2435997A00D121A0 /* Build configuration list for PBXProject "POCLanguagesLocalized" */;
			compatibilityVersion = "Xcode 9.3";
			developmentRegion = en;
			hasScannedForEncodings = 0;
			knownRegions = (
				en,
				Base,
				th,
			);
			mainGroup = 8AAB56192435997A00D121A0;
			productRefGroup = 8AAB56232435997B00D121A0 /* Products */;
			projectDirPath = "";
			projectRoot = "";
			targets = (
				8AAB56212435997B00D121A0 /* POCLanguagesLocalized */,
				8AAB56372435998400D121A0 /* POCLanguagesLocalizedTests */,
				8AAB56422435998400D121A0 /* POCLanguagesLocalizedUITests */,
			);
		};
/* End PBXProject section */

/* Begin PBXResourcesBuildPhase section */
		8AAB56202435997B00D121A0 /* Resources */ = {
			isa = PBXResourcesBuildPhase;
			buildActionMask = 2147483647;
			files = (
				8AAB565724359D3600D121A0 /* Localized.strings in Resources */,
				8AAB56322435998400D121A0 /* LaunchScreen.storyboard in Resources */,
				8AAB562F2435998400D121A0 /* Assets.xcassets in Resources */,
				8AAB562D2435997B00D121A0 /* Main.storyboard in Resources */,
			);
			runOnlyForDeploymentPostprocessing = 0;
		};
		8AAB56362435998400D121A0 /* Resources */ = {
			isa = PBXResourcesBuildPhase;
			buildActionMask = 2147483647;
			files = (
			);
			runOnlyForDeploymentPostprocessing = 0;
		};
		8AAB56412435998400D121A0 /* Resources */ = {
			isa = PBXResourcesBuildPhase;
			buildActionMask = 2147483647;
			files = (
			);
			runOnlyForDeploymentPostprocessing = 0;
		};
/* End PBXResourcesBuildPhase section */

/* Begin PBXSourcesBuildPhase section */
		8AAB561E2435997B00D121A0 /* Sources */ = {
			isa = PBXSourcesBuildPhase;
			buildActionMask = 2147483647;
			files = (
				8AAB565E24359DCC00D121A0 /* Extension+String.swift in Sources */,
				8AAB562A2435997B00D121A0 /* ViewController.swift in Sources */,
				8AAB56262435997B00D121A0 /* AppDelegate.swift in Sources */,
				8AAB56632435A5B800D121A0 /* LanguageManager.swift in Sources */,
				8AAB56282435997B00D121A0 /* SceneDelegate.swift in Sources */,
				8AAB56612435A59C00D121A0 /* LanguageLocalizer.swift in Sources */,
			);
			runOnlyForDeploymentPostprocessing = 0;
		};
		8AAB56342435998400D121A0 /* Sources */ = {
			isa = PBXSourcesBuildPhase;
			buildActionMask = 2147483647;
			files = (
				8AAB563D2435998400D121A0 /* POCLanguagesLocalizedTests.swift in Sources */,
			);
			runOnlyForDeploymentPostprocessing = 0;
		};
		8AAB563F2435998400D121A0 /* Sources */ = {
			isa = PBXSourcesBuildPhase;
			buildActionMask = 2147483647;
			files = (
				8AAB56482435998400D121A0 /* POCLanguagesLocalizedUITests.swift in Sources */,
			);
			runOnlyForDeploymentPostprocessing = 0;
		};
/* End PBXSourcesBuildPhase section */

/* Begin PBXTargetDependency section */
		8AAB563A2435998400D121A0 /* PBXTargetDependency */ = {
			isa = PBXTargetDependency;
			target = 8AAB56212435997B00D121A0 /* POCLanguagesLocalized */;
			targetProxy = 8AAB56392435998400D121A0 /* PBXContainerItemProxy */;
		};
		8AAB56452435998400D121A0 /* PBXTargetDependency */ = {
			isa = PBXTargetDependency;
			target = 8AAB56212435997B00D121A0 /* POCLanguagesLocalized */;
			targetProxy = 8AAB56442435998400D121A0 /* PBXContainerItemProxy */;
		};
/* End PBXTargetDependency section */

/* Begin PBXVariantGroup section */
		8AAB562B2435997B00D121A0 /* Main.storyboard */ = {
			isa = PBXVariantGroup;
			children = (
				8AAB562C2435997B00D121A0 /* Base */,
				8AAB565A24359D7100D121A0 /* th */,
			);
			name = Main.storyboard;
			sourceTree = "<group>";
		};
		8AAB56302435998400D121A0 /* LaunchScreen.storyboard */ = {
			isa = PBXVariantGroup;
			children = (
				8AAB56312435998400D121A0 /* Base */,
				8AAB565B24359D7100D121A0 /* th */,
			);
			name = LaunchScreen.storyboard;
			sourceTree = "<group>";
		};
		8AAB565924359D3600D121A0 /* Localized.strings */ = {
			isa = PBXVariantGroup;
			children = (
				8AAB565824359D3600D121A0 /* en */,
				8AAB565C24359D7100D121A0 /* th */,
			);
			name = Localized.strings;
			sourceTree = "<group>";
		};
/* End PBXVariantGroup section */

/* Begin XCBuildConfiguration section */
		8AAB564A2435998400D121A0 /* Debug */ = {
			isa = XCBuildConfiguration;
			buildSettings = {
				ALWAYS_SEARCH_USER_PATHS = NO;
				CLANG_ANALYZER_LOCALIZABILITY_NONLOCALIZED = YES;
				CLANG_ANALYZER_NONNULL = YES;
				CLANG_ANALYZER_NUMBER_OBJECT_CONVERSION = YES_AGGRESSIVE;
				CLANG_CXX_LANGUAGE_STANDARD = "gnu++14";
				CLANG_CXX_LIBRARY = "libc++";
				CLANG_ENABLE_MODULES = YES;
				CLANG_ENABLE_OBJC_ARC = YES;
				CLANG_ENABLE_OBJC_WEAK = YES;
				CLANG_WARN_BLOCK_CAPTURE_AUTORELEASING = YES;
				CLANG_WARN_BOOL_CONVERSION = YES;
				CLANG_WARN_COMMA = YES;
				CLANG_WARN_CONSTANT_CONVERSION = YES;
				CLANG_WARN_DEPRECATED_OBJC_IMPLEMENTATIONS = YES;
				CLANG_WARN_DIRECT_OBJC_ISA_USAGE = YES_ERROR;
				CLANG_WARN_DOCUMENTATION_COMMENTS = YES;
				CLANG_WARN_EMPTY_BODY = YES;
				CLANG_WARN_ENUM_CONVERSION = YES;
				CLANG_WARN_INFINITE_RECURSION = YES;
				CLANG_WARN_INT_CONVERSION = YES;
				CLANG_WARN_NON_LITERAL_NULL_CONVERSION = YES;
				CLANG_WARN_OBJC_IMPLICIT_RETAIN_SELF = YES;
				CLANG_WARN_OBJC_LITERAL_CONVERSION = YES;
				CLANG_WARN_OBJC_ROOT_CLASS = YES_ERROR;
				CLANG_WARN_RANGE_LOOP_ANALYSIS = YES;
				CLANG_WARN_STRICT_PROTOTYPES = YES;
				CLANG_WARN_SUSPICIOUS_MOVE = YES;
				CLANG_WARN_UNGUARDED_AVAILABILITY = YES_AGGRESSIVE;
				CLANG_WARN_UNREACHABLE_CODE = YES;
				CLANG_WARN__DUPLICATE_METHOD_MATCH = YES;
				COPY_PHASE_STRIP = NO;
				DEBUG_INFORMATION_FORMAT = dwarf;
				ENABLE_STRICT_OBJC_MSGSEND = YES;
				ENABLE_TESTABILITY = YES;
				GCC_C_LANGUAGE_STANDARD = gnu11;
				GCC_DYNAMIC_NO_PIC = NO;
				GCC_NO_COMMON_BLOCKS = YES;
				GCC_OPTIMIZATION_LEVEL = 0;
				GCC_PREPROCESSOR_DEFINITIONS = (
					"DEBUG=1",
					"$(inherited)",
				);
				GCC_WARN_64_TO_32_BIT_CONVERSION = YES;
				GCC_WARN_ABOUT_RETURN_TYPE = YES_ERROR;
				GCC_WARN_UNDECLARED_SELECTOR = YES;
				GCC_WARN_UNINITIALIZED_AUTOS = YES_AGGRESSIVE;
				GCC_WARN_UNUSED_FUNCTION = YES;
				GCC_WARN_UNUSED_VARIABLE = YES;
				IPHONEOS_DEPLOYMENT_TARGET = 13.2;
				MTL_ENABLE_DEBUG_INFO = INCLUDE_SOURCE;
				MTL_FAST_MATH = YES;
				ONLY_ACTIVE_ARCH = YES;
				SDKROOT = iphoneos;
				SWIFT_ACTIVE_COMPILATION_CONDITIONS = DEBUG;
				SWIFT_OPTIMIZATION_LEVEL = "-Onone";
			};
			name = Debug;
		};
		8AAB564B2435998400D121A0 /* Release */ = {
			isa = XCBuildConfiguration;
			buildSettings = {
				ALWAYS_SEARCH_USER_PATHS = NO;
				CLANG_ANALYZER_LOCALIZABILITY_NONLOCALIZED = YES;
				CLANG_ANALYZER_NONNULL = YES;
				CLANG_ANALYZER_NUMBER_OBJECT_CONVERSION = YES_AGGRESSIVE;
				CLANG_CXX_LANGUAGE_STANDARD = "gnu++14";
				CLANG_CXX_LIBRARY = "libc++";
				CLANG_ENABLE_MODULES = YES;
				CLANG_ENABLE_OBJC_ARC = YES;
				CLANG_ENABLE_OBJC_WEAK = YES;
				CLANG_WARN_BLOCK_CAPTURE_AUTORELEASING = YES;
				CLANG_WARN_BOOL_CONVERSION = YES;
				CLANG_WARN_COMMA = YES;
				CLANG_WARN_CONSTANT_CONVERSION = YES;
				CLANG_WARN_DEPRECATED_OBJC_IMPLEMENTATIONS = YES;
				CLANG_WARN_DIRECT_OBJC_ISA_USAGE = YES_ERROR;
				CLANG_WARN_DOCUMENTATION_COMMENTS = YES;
				CLANG_WARN_EMPTY_BODY = YES;
				CLANG_WARN_ENUM_CONVERSION = YES;
				CLANG_WARN_INFINITE_RECURSION = YES;
				CLANG_WARN_INT_CONVERSION = YES;
				CLANG_WARN_NON_LITERAL_NULL_CONVERSION = YES;
				CLANG_WARN_OBJC_IMPLICIT_RETAIN_SELF = YES;
				CLANG_WARN_OBJC_LITERAL_CONVERSION = YES;
				CLANG_WARN_OBJC_ROOT_CLASS = YES_ERROR;
				CLANG_WARN_RANGE_LOOP_ANALYSIS = YES;
				CLANG_WARN_STRICT_PROTOTYPES = YES;
				CLANG_WARN_SUSPICIOUS_MOVE = YES;
				CLANG_WARN_UNGUARDED_AVAILABILITY = YES_AGGRESSIVE;
				CLANG_WARN_UNREACHABLE_CODE = YES;
				CLANG_WARN__DUPLICATE_METHOD_MATCH = YES;
				COPY_PHASE_STRIP = NO;
				DEBUG_INFORMATION_FORMAT = "dwarf-with-dsym";
				ENABLE_NS_ASSERTIONS = NO;
				ENABLE_STRICT_OBJC_MSGSEND = YES;
				GCC_C_LANGUAGE_STANDARD = gnu11;
				GCC_NO_COMMON_BLOCKS = YES;
				GCC_WARN_64_TO_32_BIT_CONVERSION = YES;
				GCC_WARN_ABOUT_RETURN_TYPE = YES_ERROR;
				GCC_WARN_UNDECLARED_SELECTOR = YES;
				GCC_WARN_UNINITIALIZED_AUTOS = YES_AGGRESSIVE;
				GCC_WARN_UNUSED_FUNCTION = YES;
				GCC_WARN_UNUSED_VARIABLE = YES;
				IPHONEOS_DEPLOYMENT_TARGET = 13.2;
				MTL_ENABLE_DEBUG_INFO = NO;
				MTL_FAST_MATH = YES;
				SDKROOT = iphoneos;
				SWIFT_COMPILATION_MODE = wholemodule;
				SWIFT_OPTIMIZATION_LEVEL = "-O";
				VALIDATE_PRODUCT = YES;
			};
			name = Release;
		};
		8AAB564D2435998400D121A0 /* Debug */ = {
			isa = XCBuildConfiguration;
			buildSettings = {
				ASSETCATALOG_COMPILER_APPICON_NAME = AppIcon;
				CODE_SIGN_STYLE = Automatic;
				INFOPLIST_FILE = POCLanguagesLocalized/Info.plist;
				LD_RUNPATH_SEARCH_PATHS = (
					"$(inherited)",
					"@executable_path/Frameworks",
				);
				PRODUCT_BUNDLE_IDENTIFIER = com.nawinz.POCLanguagesLocalized;
				PRODUCT_NAME = "$(TARGET_NAME)";
				SWIFT_VERSION = 5.0;
				TARGETED_DEVICE_FAMILY = "1,2";
			};
			name = Debug;
		};
		8AAB564E2435998400D121A0 /* Release */ = {
			isa = XCBuildConfiguration;
			buildSettings = {
				ASSETCATALOG_COMPILER_APPICON_NAME = AppIcon;
				CODE_SIGN_STYLE = Automatic;
				INFOPLIST_FILE = POCLanguagesLocalized/Info.plist;
				LD_RUNPATH_SEARCH_PATHS = (
					"$(inherited)",
					"@executable_path/Frameworks",
				);
				PRODUCT_BUNDLE_IDENTIFIER = com.nawinz.POCLanguagesLocalized;
				PRODUCT_NAME = "$(TARGET_NAME)";
				SWIFT_VERSION = 5.0;
				TARGETED_DEVICE_FAMILY = "1,2";
			};
			name = Release;
		};
		8AAB56502435998400D121A0 /* Debug */ = {
			isa = XCBuildConfiguration;
			buildSettings = {
				ALWAYS_EMBED_SWIFT_STANDARD_LIBRARIES = YES;
				BUNDLE_LOADER = "$(TEST_HOST)";
				CODE_SIGN_STYLE = Automatic;
				INFOPLIST_FILE = POCLanguagesLocalizedTests/Info.plist;
				IPHONEOS_DEPLOYMENT_TARGET = 13.2;
				LD_RUNPATH_SEARCH_PATHS = (
					"$(inherited)",
					"@executable_path/Frameworks",
					"@loader_path/Frameworks",
				);
				PRODUCT_BUNDLE_IDENTIFIER = com.nawinz.POCLanguagesLocalizedTests;
				PRODUCT_NAME = "$(TARGET_NAME)";
				SWIFT_VERSION = 5.0;
				TARGETED_DEVICE_FAMILY = "1,2";
				TEST_HOST = "$(BUILT_PRODUCTS_DIR)/POCLanguagesLocalized.app/POCLanguagesLocalized";
			};
			name = Debug;
		};
		8AAB56512435998400D121A0 /* Release */ = {
			isa = XCBuildConfiguration;
			buildSettings = {
				ALWAYS_EMBED_SWIFT_STANDARD_LIBRARIES = YES;
				BUNDLE_LOADER = "$(TEST_HOST)";
				CODE_SIGN_STYLE = Automatic;
				INFOPLIST_FILE = POCLanguagesLocalizedTests/Info.plist;
				IPHONEOS_DEPLOYMENT_TARGET = 13.2;
				LD_RUNPATH_SEARCH_PATHS = (
					"$(inherited)",
					"@executable_path/Frameworks",
					"@loader_path/Frameworks",
				);
				PRODUCT_BUNDLE_IDENTIFIER = com.nawinz.POCLanguagesLocalizedTests;
				PRODUCT_NAME = "$(TARGET_NAME)";
				SWIFT_VERSION = 5.0;
				TARGETED_DEVICE_FAMILY = "1,2";
				TEST_HOST = "$(BUILT_PRODUCTS_DIR)/POCLanguagesLocalized.app/POCLanguagesLocalized";
			};
			name = Release;
		};
		8AAB56532435998400D121A0 /* Debug */ = {
			isa = XCBuildConfiguration;
			buildSettings = {
				ALWAYS_EMBED_SWIFT_STANDARD_LIBRARIES = YES;
				CODE_SIGN_STYLE = Automatic;
				INFOPLIST_FILE = POCLanguagesLocalizedUITests/Info.plist;
				LD_RUNPATH_SEARCH_PATHS = (
					"$(inherited)",
					"@executable_path/Frameworks",
					"@loader_path/Frameworks",
				);
				PRODUCT_BUNDLE_IDENTIFIER = com.nawinz.POCLanguagesLocalizedUITests;
				PRODUCT_NAME = "$(TARGET_NAME)";
				SWIFT_VERSION = 5.0;
				TARGETED_DEVICE_FAMILY = "1,2";
				TEST_TARGET_NAME = POCLanguagesLocalized;
			};
			name = Debug;
		};
		8AAB56542435998400D121A0 /* Release */ = {
			isa = XCBuildConfiguration;
			buildSettings = {
				ALWAYS_EMBED_SWIFT_STANDARD_LIBRARIES = YES;
				CODE_SIGN_STYLE = Automatic;
				INFOPLIST_FILE = POCLanguagesLocalizedUITests/Info.plist;
				LD_RUNPATH_SEARCH_PATHS = (
					"$(inherited)",
					"@executable_path/Frameworks",
					"@loader_path/Frameworks",
				);
				PRODUCT_BUNDLE_IDENTIFIER = com.nawinz.POCLanguagesLocalizedUITests;
				PRODUCT_NAME = "$(TARGET_NAME)";
				SWIFT_VERSION = 5.0;
				TARGETED_DEVICE_FAMILY = "1,2";
				TEST_TARGET_NAME = POCLanguagesLocalized;
			};
			name = Release;
		};
/* End XCBuildConfiguration section */

/* Begin XCConfigurationList section */
		8AAB561D2435997A00D121A0 /* Build configuration list for PBXProject "POCLanguagesLocalized" */ = {
			isa = XCConfigurationList;
			buildConfigurations = (
				8AAB564A2435998400D121A0 /* Debug */,
				8AAB564B2435998400D121A0 /* Release */,
			);
			defaultConfigurationIsVisible = 0;
			defaultConfigurationName = Release;
		};
		8AAB564C2435998400D121A0 /* Build configuration list for PBXNativeTarget "POCLanguagesLocalized" */ = {
			isa = XCConfigurationList;
			buildConfigurations = (
				8AAB564D2435998400D121A0 /* Debug */,
				8AAB564E2435998400D121A0 /* Release */,
			);
			defaultConfigurationIsVisible = 0;
			defaultConfigurationName = Release;
		};
		8AAB564F2435998400D121A0 /* Build configuration list for PBXNativeTarget "POCLanguagesLocalizedTests" */ = {
			isa = XCConfigurationList;
			buildConfigurations = (
				8AAB56502435998400D121A0 /* Debug */,
				8AAB56512435998400D121A0 /* Release */,
			);
			defaultConfigurationIsVisible = 0;
			defaultConfigurationName = Release;
		};
		8AAB56522435998400D121A0 /* Build configuration list for PBXNativeTarget "POCLanguagesLocalizedUITests" */ = {
			isa = XCConfigurationList;
			buildConfigurations = (
				8AAB56532435998400D121A0 /* Debug */,
				8AAB56542435998400D121A0 /* Release */,
			);
			defaultConfigurationIsVisible = 0;
			defaultConfigurationName = Release;
		};
/* End XCConfigurationList section */
	};
	rootObject = 8AAB561A2435997A00D121A0 /* Project object */;
}
